// !$*UTF8*$!
{
	archiveVersion = 1;
	classes = {
	};
	objectVersion = 55;
	objects = {

/* Begin PBXBuildFile section */
		3B902CF9285ECC7500AADA91 /* AppDelegate.swift in Sources */ = {isa = PBXBuildFile; fileRef = 3B902CF8285ECC7500AADA91 /* AppDelegate.swift */; };
		3B902CFB285ECC7500AADA91 /* SceneDelegate.swift in Sources */ = {isa = PBXBuildFile; fileRef = 3B902CFA285ECC7500AADA91 /* SceneDelegate.swift */; };
		3B902CFD285ECC7500AADA91 /* ViewController.swift in Sources */ = {isa = PBXBuildFile; fileRef = 3B902CFC285ECC7500AADA91 /* ViewController.swift */; };
		3B902D00285ECC7500AADA91 /* Main.storyboard in Resources */ = {isa = PBXBuildFile; fileRef = 3B902CFE285ECC7500AADA91 /* Main.storyboard */; };
		3B902D02285ECC7700AADA91 /* Assets.xcassets in Resources */ = {isa = PBXBuildFile; fileRef = 3B902D01285ECC7700AADA91 /* Assets.xcassets */; };
		3B902D05285ECC7700AADA91 /* LaunchScreen.storyboard in Resources */ = {isa = PBXBuildFile; fileRef = 3B902D03285ECC7700AADA91 /* LaunchScreen.storyboard */; };
		3B902D10285ECC7700AADA91 /* WhiteRabbitMachineTestTests.swift in Sources */ = {isa = PBXBuildFile; fileRef = 3B902D0F285ECC7700AADA91 /* WhiteRabbitMachineTestTests.swift */; };
		3B902D1A285ECC7700AADA91 /* WhiteRabbitMachineTestUITests.swift in Sources */ = {isa = PBXBuildFile; fileRef = 3B902D19285ECC7700AADA91 /* WhiteRabbitMachineTestUITests.swift */; };
		3B902D1C285ECC7700AADA91 /* WhiteRabbitMachineTestUITestsLaunchTests.swift in Sources */ = {isa = PBXBuildFile; fileRef = 3B902D1B285ECC7700AADA91 /* WhiteRabbitMachineTestUITestsLaunchTests.swift */; };
/* End PBXBuildFile section */

/* Begin PBXContainerItemProxy section */
		3B902D0C285ECC7700AADA91 /* PBXContainerItemProxy */ = {
			isa = PBXContainerItemProxy;
			containerPortal = 3B902CED285ECC7500AADA91 /* Project object */;
			proxyType = 1;
			remoteGlobalIDString = 3B902CF4285ECC7500AADA91;
			remoteInfo = WhiteRabbitMachineTest;
		};
		3B902D16285ECC7700AADA91 /* PBXContainerItemProxy */ = {
			isa = PBXContainerItemProxy;
			containerPortal = 3B902CED285ECC7500AADA91 /* Project object */;
			proxyType = 1;
			remoteGlobalIDString = 3B902CF4285ECC7500AADA91;
			remoteInfo = WhiteRabbitMachineTest;
		};
/* End PBXContainerItemProxy section */

/* Begin PBXFileReference section */
		3B902CF5285ECC7500AADA91 /* WhiteRabbitMachineTest.app */ = {isa = PBXFileReference; explicitFileType = wrapper.application; includeInIndex = 0; path = WhiteRabbitMachineTest.app; sourceTree = BUILT_PRODUCTS_DIR; };
		3B902CF8285ECC7500AADA91 /* AppDelegate.swift */ = {isa = PBXFileReference; lastKnownFileType = sourcecode.swift; path = AppDelegate.swift; sourceTree = "<group>"; };
		3B902CFA285ECC7500AADA91 /* SceneDelegate.swift */ = {isa = PBXFileReference; lastKnownFileType = sourcecode.swift; path = SceneDelegate.swift; sourceTree = "<group>"; };
		3B902CFC285ECC7500AADA91 /* ViewController.swift */ = {isa = PBXFileReference; lastKnownFileType = sourcecode.swift; path = ViewController.swift; sourceTree = "<group>"; };
		3B902CFF285ECC7500AADA91 /* Base */ = {isa = PBXFileReference; lastKnownFileType = file.storyboard; name = Base; path = Base.lproj/Main.storyboard; sourceTree = "<group>"; };
		3B902D01285ECC7700AADA91 /* Assets.xcassets */ = {isa = PBXFileReference; lastKnownFileType = folder.assetcatalog; path = Assets.xcassets; sourceTree = "<group>"; };
		3B902D04285ECC7700AADA91 /* Base */ = {isa = PBXFileReference; lastKnownFileType = file.storyboard; name = Base; path = Base.lproj/LaunchScreen.storyboard; sourceTree = "<group>"; };
		3B902D06285ECC7700AADA91 /* Info.plist */ = {isa = PBXFileReference; lastKnownFileType = text.plist.xml; path = Info.plist; sourceTree = "<group>"; };
		3B902D0B285ECC7700AADA91 /* WhiteRabbitMachineTestTests.xctest */ = {isa = PBXFileReference; explicitFileType = wrapper.cfbundle; includeInIndex = 0; path = WhiteRabbitMachineTestTests.xctest; sourceTree = BUILT_PRODUCTS_DIR; };
		3B902D0F285ECC7700AADA91 /* WhiteRabbitMachineTestTests.swift */ = {isa = PBXFileReference; lastKnownFileType = sourcecode.swift; path = WhiteRabbitMachineTestTests.swift; sourceTree = "<group>"; };
		3B902D15285ECC7700AADA91 /* WhiteRabbitMachineTestUITests.xctest */ = {isa = PBXFileReference; explicitFileType = wrapper.cfbundle; includeInIndex = 0; path = WhiteRabbitMachineTestUITests.xctest; sourceTree = BUILT_PRODUCTS_DIR; };
		3B902D19285ECC7700AADA91 /* WhiteRabbitMachineTestUITests.swift */ = {isa = PBXFileReference; lastKnownFileType = sourcecode.swift; path = WhiteRabbitMachineTestUITests.swift; sourceTree = "<group>"; };
		3B902D1B285ECC7700AADA91 /* WhiteRabbitMachineTestUITestsLaunchTests.swift */ = {isa = PBXFileReference; lastKnownFileType = sourcecode.swift; path = WhiteRabbitMachineTestUITestsLaunchTests.swift; sourceTree = "<group>"; };
/* End PBXFileReference section */

/* Begin PBXFrameworksBuildPhase section */
		3B902CF2285ECC7500AADA91 /* Frameworks */ = {
			isa = PBXFrameworksBuildPhase;
			buildActionMask = 2147483647;
			files = (
			);
			runOnlyForDeploymentPostprocessing = 0;
		};
		3B902D08285ECC7700AADA91 /* Frameworks */ = {
			isa = PBXFrameworksBuildPhase;
			buildActionMask = 2147483647;
			files = (
			);
			runOnlyForDeploymentPostprocessing = 0;
		};
		3B902D12285ECC7700AADA91 /* Frameworks */ = {
			isa = PBXFrameworksBuildPhase;
			buildActionMask = 2147483647;
			files = (
			);
			runOnlyForDeploymentPostprocessing = 0;
		};
/* End PBXFrameworksBuildPhase section */

/* Begin PBXGroup section */
		3B902CEC285ECC7500AADA91 = {
			isa = PBXGroup;
			children = (
				3B902CF7285ECC7500AADA91 /* WhiteRabbitMachineTest */,
				3B902D0E285ECC7700AADA91 /* WhiteRabbitMachineTestTests */,
				3B902D18285ECC7700AADA91 /* WhiteRabbitMachineTestUITests */,
				3B902CF6285ECC7500AADA91 /* Products */,
			);
			sourceTree = "<group>";
		};
		3B902CF6285ECC7500AADA91 /* Products */ = {
			isa = PBXGroup;
			children = (
				3B902CF5285ECC7500AADA91 /* WhiteRabbitMachineTest.app */,
				3B902D0B285ECC7700AADA91 /* WhiteRabbitMachineTestTests.xctest */,
				3B902D15285ECC7700AADA91 /* WhiteRabbitMachineTestUITests.xctest */,
			);
			name = Products;
			sourceTree = "<group>";
		};
		3B902CF7285ECC7500AADA91 /* WhiteRabbitMachineTest */ = {
			isa = PBXGroup;
			children = (
				3B902CF8285ECC7500AADA91 /* AppDelegate.swift */,
				3B902CFA285ECC7500AADA91 /* SceneDelegate.swift */,
				3B902CFC285ECC7500AADA91 /* ViewController.swift */,
				3B902CFE285ECC7500AADA91 /* Main.storyboard */,
				3B902D01285ECC7700AADA91 /* Assets.xcassets */,
				3B902D03285ECC7700AADA91 /* LaunchScreen.storyboard */,
				3B902D06285ECC7700AADA91 /* Info.plist */,
			);
			path = WhiteRabbitMachineTest;
			sourceTree = "<group>";
		};
		3B902D0E285ECC7700AADA91 /* WhiteRabbitMachineTestTests */ = {
			isa = PBXGroup;
			children = (
				3B902D0F285ECC7700AADA91 /* WhiteRabbitMachineTestTests.swift */,
			);
			path = WhiteRabbitMachineTestTests;
			sourceTree = "<group>";
		};
		3B902D18285ECC7700AADA91 /* WhiteRabbitMachineTestUITests */ = {
			isa = PBXGroup;
			children = (
				3B902D19285ECC7700AADA91 /* WhiteRabbitMachineTestUITests.swift */,
				3B902D1B285ECC7700AADA91 /* WhiteRabbitMachineTestUITestsLaunchTests.swift */,
			);
			path = WhiteRabbitMachineTestUITests;
			sourceTree = "<group>";
		};
/* End PBXGroup section */

/* Begin PBXNativeTarget section */
		3B902CF4285ECC7500AADA91 /* WhiteRabbitMachineTest */ = {
			isa = PBXNativeTarget;
			buildConfigurationList = 3B902D1F285ECC7700AADA91 /* Build configuration list for PBXNativeTarget "WhiteRabbitMachineTest" */;
			buildPhases = (
				3B902CF1285ECC7500AADA91 /* Sources */,
				3B902CF2285ECC7500AADA91 /* Frameworks */,
				3B902CF3285ECC7500AADA91 /* Resources */,
			);
			buildRules = (
			);
			dependencies = (
			);
			name = WhiteRabbitMachineTest;
			productName = WhiteRabbitMachineTest;
			productReference = 3B902CF5285ECC7500AADA91 /* WhiteRabbitMachineTest.app */;
			productType = "com.apple.product-type.application";
		};
		3B902D0A285ECC7700AADA91 /* WhiteRabbitMachineTestTests */ = {
			isa = PBXNativeTarget;
			buildConfigurationList = 3B902D22285ECC7700AADA91 /* Build configuration list for PBXNativeTarget "WhiteRabbitMachineTestTests" */;
			buildPhases = (
				3B902D07285ECC7700AADA91 /* Sources */,
				3B902D08285ECC7700AADA91 /* Frameworks */,
				3B902D09285ECC7700AADA91 /* Resources */,
			);
			buildRules = (
			);
			dependencies = (
				3B902D0D285ECC7700AADA91 /* PBXTargetDependency */,
			);
			name = WhiteRabbitMachineTestTests;
			productName = WhiteRabbitMachineTestTests;
			productReference = 3B902D0B285ECC7700AADA91 /* WhiteRabbitMachineTestTests.xctest */;
			productType = "com.apple.product-type.bundle.unit-test";
		};
		3B902D14285ECC7700AADA91 /* WhiteRabbitMachineTestUITests */ = {
			isa = PBXNativeTarget;
			buildConfigurationList = 3B902D25285ECC7700AADA91 /* Build configuration list for PBXNativeTarget "WhiteRabbitMachineTestUITests" */;
			buildPhases = (
				3B902D11285ECC7700AADA91 /* Sources */,
				3B902D12285ECC7700AADA91 /* Frameworks */,
				3B902D13285ECC7700AADA91 /* Resources */,
			);
			buildRules = (
			);
			dependencies = (
				3B902D17285ECC7700AADA91 /* PBXTargetDependency */,
			);
			name = WhiteRabbitMachineTestUITests;
			productName = WhiteRabbitMachineTestUITests;
			productReference = 3B902D15285ECC7700AADA91 /* WhiteRabbitMachineTestUITests.xctest */;
			productType = "com.apple.product-type.bundle.ui-testing";
		};
/* End PBXNativeTarget section */

/* Begin PBXProject section */
		3B902CED285ECC7500AADA91 /* Project object */ = {
			isa = PBXProject;
			attributes = {
				BuildIndependentTargetsInParallel = 1;
				LastSwiftUpdateCheck = 1340;
				LastUpgradeCheck = 1340;
				TargetAttributes = {
					3B902CF4285ECC7500AADA91 = {
						CreatedOnToolsVersion = 13.4.1;
					};
					3B902D0A285ECC7700AADA91 = {
						CreatedOnToolsVersion = 13.4.1;
						TestTargetID = 3B902CF4285ECC7500AADA91;
					};
					3B902D14285ECC7700AADA91 = {
						CreatedOnToolsVersion = 13.4.1;
						TestTargetID = 3B902CF4285ECC7500AADA91;
					};
				};
			};
			buildConfigurationList = 3B902CF0285ECC7500AADA91 /* Build configuration list for PBXProject "WhiteRabbitMachineTest" */;
			compatibilityVersion = "Xcode 13.0";
			developmentRegion = en;
			hasScannedForEncodings = 0;
			knownRegions = (
				en,
				Base,
			);
			mainGroup = 3B902CEC285ECC7500AADA91;
			productRefGroup = 3B902CF6285ECC7500AADA91 /* Products */;
			projectDirPath = "";
			projectRoot = "";
			targets = (
				3B902CF4285ECC7500AADA91 /* WhiteRabbitMachineTest */,
				3B902D0A285ECC7700AADA91 /* WhiteRabbitMachineTestTests */,
				3B902D14285ECC7700AADA91 /* WhiteRabbitMachineTestUITests */,
			);
		};
/* End PBXProject section */

/* Begin PBXResourcesBuildPhase section */
		3B902CF3285ECC7500AADA91 /* Resources */ = {
			isa = PBXResourcesBuildPhase;
			buildActionMask = 2147483647;
			files = (
				3B902D05285ECC7700AADA91 /* LaunchScreen.storyboard in Resources */,
				3B902D02285ECC7700AADA91 /* Assets.xcassets in Resources */,
				3B902D00285ECC7500AADA91 /* Main.storyboard in Resources */,
			);
			runOnlyForDeploymentPostprocessing = 0;
		};
		3B902D09285ECC7700AADA91 /* Resources */ = {
			isa = PBXResourcesBuildPhase;
			buildActionMask = 2147483647;
			files = (
			);
			runOnlyForDeploymentPostprocessing = 0;
		};
		3B902D13285ECC7700AADA91 /* Resources */ = {
			isa = PBXResourcesBuildPhase;
			buildActionMask = 2147483647;
			files = (
			);
			runOnlyForDeploymentPostprocessing = 0;
		};
/* End PBXResourcesBuildPhase section */

/* Begin PBXSourcesBuildPhase section */
		3B902CF1285ECC7500AADA91 /* Sources */ = {
			isa = PBXSourcesBuildPhase;
			buildActionMask = 2147483647;
			files = (
				3B902CFD285ECC7500AADA91 /* ViewController.swift in Sources */,
				3B902CF9285ECC7500AADA91 /* AppDelegate.swift in Sources */,
				3B902CFB285ECC7500AADA91 /* SceneDelegate.swift in Sources */,
			);
			runOnlyForDeploymentPostprocessing = 0;
		};
		3B902D07285ECC7700AADA91 /* Sources */ = {
			isa = PBXSourcesBuildPhase;
			buildActionMask = 2147483647;
			files = (
				3B902D10285ECC7700AADA91 /* WhiteRabbitMachineTestTests.swift in Sources */,
			);
			runOnlyForDeploymentPostprocessing = 0;
		};
		3B902D11285ECC7700AADA91 /* Sources */ = {
			isa = PBXSourcesBuildPhase;
			buildActionMask = 2147483647;
			files = (
				3B902D1C285ECC7700AADA91 /* WhiteRabbitMachineTestUITestsLaunchTests.swift in Sources */,
				3B902D1A285ECC7700AADA91 /* WhiteRabbitMachineTestUITests.swift in Sources */,
			);
			runOnlyForDeploymentPostprocessing = 0;
		};
/* End PBXSourcesBuildPhase section */

/* Begin PBXTargetDependency section */
		3B902D0D285ECC7700AADA91 /* PBXTargetDependency */ = {
			isa = PBXTargetDependency;
			target = 3B902CF4285ECC7500AADA91 /* WhiteRabbitMachineTest */;
			targetProxy = 3B902D0C285ECC7700AADA91 /* PBXContainerItemProxy */;
		};
		3B902D17285ECC7700AADA91 /* PBXTargetDependency */ = {
			isa = PBXTargetDependency;
			target = 3B902CF4285ECC7500AADA91 /* WhiteRabbitMachineTest */;
			targetProxy = 3B902D16285ECC7700AADA91 /* PBXContainerItemProxy */;
		};
/* End PBXTargetDependency section */

/* Begin PBXVariantGroup section */
		3B902CFE285ECC7500AADA91 /* Main.storyboard */ = {
			isa = PBXVariantGroup;
			children = (
				3B902CFF285ECC7500AADA91 /* Base */,
			);
			name = Main.storyboard;
			sourceTree = "<group>";
		};
		3B902D03285ECC7700AADA91 /* LaunchScreen.storyboard */ = {
			isa = PBXVariantGroup;
			children = (
				3B902D04285ECC7700AADA91 /* Base */,
			);
			name = LaunchScreen.storyboard;
			sourceTree = "<group>";
		};
/* End PBXVariantGroup section */

/* Begin XCBuildConfiguration section */
		3B902D1D285ECC7700AADA91 /* Debug */ = {
			isa = XCBuildConfiguration;
			buildSettings = {
				ALWAYS_SEARCH_USER_PATHS = NO;
				CLANG_ANALYZER_NONNULL = YES;
				CLANG_ANALYZER_NUMBER_OBJECT_CONVERSION = YES_AGGRESSIVE;
				CLANG_CXX_LANGUAGE_STANDARD = "gnu++17";
				CLANG_ENABLE_MODULES = YES;
				CLANG_ENABLE_OBJC_ARC = YES;
				CLANG_ENABLE_OBJC_WEAK = YES;
				CLANG_WARN_BLOCK_CAPTURE_AUTORELEASING = YES;
				CLANG_WARN_BOOL_CONVERSION = YES;
				CLANG_WARN_COMMA = YES;
				CLANG_WARN_CONSTANT_CONVERSION = YES;
				CLANG_WARN_DEPRECATED_OBJC_IMPLEMENTATIONS = YES;
				CLANG_WARN_DIRECT_OBJC_ISA_USAGE = YES_ERROR;
				CLANG_WARN_DOCUMENTATION_COMMENTS = YES;
				CLANG_WARN_EMPTY_BODY = YES;
				CLANG_WARN_ENUM_CONVERSION = YES;
				CLANG_WARN_INFINITE_RECURSION = YES;
				CLANG_WARN_INT_CONVERSION = YES;
				CLANG_WARN_NON_LITERAL_NULL_CONVERSION = YES;
				CLANG_WARN_OBJC_IMPLICIT_RETAIN_SELF = YES;
				CLANG_WARN_OBJC_LITERAL_CONVERSION = YES;
				CLANG_WARN_OBJC_ROOT_CLASS = YES_ERROR;
				CLANG_WARN_QUOTED_INCLUDE_IN_FRAMEWORK_HEADER = YES;
				CLANG_WARN_RANGE_LOOP_ANALYSIS = YES;
				CLANG_WARN_STRICT_PROTOTYPES = YES;
				CLANG_WARN_SUSPICIOUS_MOVE = YES;
				CLANG_WARN_UNGUARDED_AVAILABILITY = YES_AGGRESSIVE;
				CLANG_WARN_UNREACHABLE_CODE = YES;
				CLANG_WARN__DUPLICATE_METHOD_MATCH = YES;
				COPY_PHASE_STRIP = NO;
				DEBUG_INFORMATION_FORMAT = dwarf;
				ENABLE_STRICT_OBJC_MSGSEND = YES;
				ENABLE_TESTABILITY = YES;
				GCC_C_LANGUAGE_STANDARD = gnu11;
				GCC_DYNAMIC_NO_PIC = NO;
				GCC_NO_COMMON_BLOCKS = YES;
				GCC_OPTIMIZATION_LEVEL = 0;
				GCC_PREPROCESSOR_DEFINITIONS = (
					"DEBUG=1",
					"$(inherited)",
				);
				GCC_WARN_64_TO_32_BIT_CONVERSION = YES;
				GCC_WARN_ABOUT_RETURN_TYPE = YES_ERROR;
				GCC_WARN_UNDECLARED_SELECTOR = YES;
				GCC_WARN_UNINITIALIZED_AUTOS = YES_AGGRESSIVE;
				GCC_WARN_UNUSED_FUNCTION = YES;
				GCC_WARN_UNUSED_VARIABLE = YES;
				IPHONEOS_DEPLOYMENT_TARGET = 15.5;
				MTL_ENABLE_DEBUG_INFO = INCLUDE_SOURCE;
				MTL_FAST_MATH = YES;
				ONLY_ACTIVE_ARCH = YES;
				SDKROOT = iphoneos;
				SWIFT_ACTIVE_COMPILATION_CONDITIONS = DEBUG;
				SWIFT_OPTIMIZATION_LEVEL = "-Onone";
			};
			name = Debug;
		};
		3B902D1E285ECC7700AADA91 /* Release */ = {
			isa = XCBuildConfiguration;
			buildSettings = {
				ALWAYS_SEARCH_USER_PATHS = NO;
				CLANG_ANALYZER_NONNULL = YES;
				CLANG_ANALYZER_NUMBER_OBJECT_CONVERSION = YES_AGGRESSIVE;
				CLANG_CXX_LANGUAGE_STANDARD = "gnu++17";
				CLANG_ENABLE_MODULES = YES;
				CLANG_ENABLE_OBJC_ARC = YES;
				CLANG_ENABLE_OBJC_WEAK = YES;
				CLANG_WARN_BLOCK_CAPTURE_AUTORELEASING = YES;
				CLANG_WARN_BOOL_CONVERSION = YES;
				CLANG_WARN_COMMA = YES;
				CLANG_WARN_CONSTANT_CONVERSION = YES;
				CLANG_WARN_DEPRECATED_OBJC_IMPLEMENTATIONS = YES;
				CLANG_WARN_DIRECT_OBJC_ISA_USAGE = YES_ERROR;
				CLANG_WARN_DOCUMENTATION_COMMENTS = YES;
				CLANG_WARN_EMPTY_BODY = YES;
				CLANG_WARN_ENUM_CONVERSION = YES;
				CLANG_WARN_INFINITE_RECURSION = YES;
				CLANG_WARN_INT_CONVERSION = YES;
				CLANG_WARN_NON_LITERAL_NULL_CONVERSION = YES;
				CLANG_WARN_OBJC_IMPLICIT_RETAIN_SELF = YES;
				CLANG_WARN_OBJC_LITERAL_CONVERSION = YES;
				CLANG_WARN_OBJC_ROOT_CLASS = YES_ERROR;
				CLANG_WARN_QUOTED_INCLUDE_IN_FRAMEWORK_HEADER = YES;
				CLANG_WARN_RANGE_LOOP_ANALYSIS = YES;
				CLANG_WARN_STRICT_PROTOTYPES = YES;
				CLANG_WARN_SUSPICIOUS_MOVE = YES;
				CLANG_WARN_UNGUARDED_AVAILABILITY = YES_AGGRESSIVE;
				CLANG_WARN_UNREACHABLE_CODE = YES;
				CLANG_WARN__DUPLICATE_METHOD_MATCH = YES;
				COPY_PHASE_STRIP = NO;
				DEBUG_INFORMATION_FORMAT = "dwarf-with-dsym";
				ENABLE_NS_ASSERTIONS = NO;
				ENABLE_STRICT_OBJC_MSGSEND = YES;
				GCC_C_LANGUAGE_STANDARD = gnu11;
				GCC_NO_COMMON_BLOCKS = YES;
				GCC_WARN_64_TO_32_BIT_CONVERSION = YES;
				GCC_WARN_ABOUT_RETURN_TYPE = YES_ERROR;
				GCC_WARN_UNDECLARED_SELECTOR = YES;
				GCC_WARN_UNINITIALIZED_AUTOS = YES_AGGRESSIVE;
				GCC_WARN_UNUSED_FUNCTION = YES;
				GCC_WARN_UNUSED_VARIABLE = YES;
				IPHONEOS_DEPLOYMENT_TARGET = 15.5;
				MTL_ENABLE_DEBUG_INFO = NO;
				MTL_FAST_MATH = YES;
				SDKROOT = iphoneos;
				SWIFT_COMPILATION_MODE = wholemodule;
				SWIFT_OPTIMIZATION_LEVEL = "-O";
				VALIDATE_PRODUCT = YES;
			};
			name = Release;
		};
		3B902D20285ECC7700AADA91 /* Debug */ = {
			isa = XCBuildConfiguration;
			buildSettings = {
				ASSETCATALOG_COMPILER_APPICON_NAME = AppIcon;
				ASSETCATALOG_COMPILER_GLOBAL_ACCENT_COLOR_NAME = AccentColor;
				CODE_SIGN_STYLE = Automatic;
				CURRENT_PROJECT_VERSION = 1;
				GENERATE_INFOPLIST_FILE = YES;
				INFOPLIST_FILE = WhiteRabbitMachineTest/Info.plist;
				INFOPLIST_KEY_UIApplicationSupportsIndirectInputEvents = YES;
				INFOPLIST_KEY_UILaunchStoryboardName = LaunchScreen;
				INFOPLIST_KEY_UIMainStoryboardFile = Main;
				INFOPLIST_KEY_UISupportedInterfaceOrientations_iPad = "UIInterfaceOrientationPortrait UIInterfaceOrientationPortraitUpsideDown UIInterfaceOrientationLandscapeLeft UIInterfaceOrientationLandscapeRight";
				INFOPLIST_KEY_UISupportedInterfaceOrientations_iPhone = "UIInterfaceOrientationPortrait UIInterfaceOrientationLandscapeLeft UIInterfaceOrientationLandscapeRight";
				LD_RUNPATH_SEARCH_PATHS = (
					"$(inherited)",
					"@executable_path/Frameworks",
				);
				MARKETING_VERSION = 1.0;
				PRODUCT_BUNDLE_IDENTIFIER = com.whiteRabbit.WhiteRabbitMachineTest;
				PRODUCT_NAME = "$(TARGET_NAME)";
				SWIFT_EMIT_LOC_STRINGS = YES;
				SWIFT_VERSION = 5.0;
				TARGETED_DEVICE_FAMILY = "1,2";
			};
			name = Debug;
		};
		3B902D21285ECC7700AADA91 /* Release */ = {
			isa = XCBuildConfiguration;
			buildSettings = {
				ASSETCATALOG_COMPILER_APPICON_NAME = AppIcon;
				ASSETCATALOG_COMPILER_GLOBAL_ACCENT_COLOR_NAME = AccentColor;
				CODE_SIGN_STYLE = Automatic;
				CURRENT_PROJECT_VERSION = 1;
				GENERATE_INFOPLIST_FILE = YES;
				INFOPLIST_FILE = WhiteRabbitMachineTest/Info.plist;
				INFOPLIST_KEY_UIApplicationSupportsIndirectInputEvents = YES;
				INFOPLIST_KEY_UILaunchStoryboardName = LaunchScreen;
				INFOPLIST_KEY_UIMainStoryboardFile = Main;
				INFOPLIST_KEY_UISupportedInterfaceOrientations_iPad = "UIInterfaceOrientationPortrait UIInterfaceOrientationPortraitUpsideDown UIInterfaceOrientationLandscapeLeft UIInterfaceOrientationLandscapeRight";
				INFOPLIST_KEY_UISupportedInterfaceOrientations_iPhone = "UIInterfaceOrientationPortrait UIInterfaceOrientationLandscapeLeft UIInterfaceOrientationLandscapeRight";
				LD_RUNPATH_SEARCH_PATHS = (
					"$(inherited)",
					"@executable_path/Frameworks",
				);
				MARKETING_VERSION = 1.0;
				PRODUCT_BUNDLE_IDENTIFIER = com.whiteRabbit.WhiteRabbitMachineTest;
				PRODUCT_NAME = "$(TARGET_NAME)";
				SWIFT_EMIT_LOC_STRINGS = YES;
				SWIFT_VERSION = 5.0;
				TARGETED_DEVICE_FAMILY = "1,2";
			};
			name = Release;
		};
		3B902D23285ECC7700AADA91 /* Debug */ = {
			isa = XCBuildConfiguration;
			buildSettings = {
				ALWAYS_EMBED_SWIFT_STANDARD_LIBRARIES = YES;
				BUNDLE_LOADER = "$(TEST_HOST)";
				CODE_SIGN_STYLE = Automatic;
				CURRENT_PROJECT_VERSION = 1;
				GENERATE_INFOPLIST_FILE = YES;
				IPHONEOS_DEPLOYMENT_TARGET = 15.5;
				MARKETING_VERSION = 1.0;
				PRODUCT_BUNDLE_IDENTIFIER = com.whiteRabbit.WhiteRabbitMachineTestTests;
				PRODUCT_NAME = "$(TARGET_NAME)";
				SWIFT_EMIT_LOC_STRINGS = NO;
				SWIFT_VERSION = 5.0;
				TARGETED_DEVICE_FAMILY = "1,2";
				TEST_HOST = "$(BUILT_PRODUCTS_DIR)/WhiteRabbitMachineTest.app/WhiteRabbitMachineTest";
			};
			name = Debug;
		};
		3B902D24285ECC7700AADA91 /* Release */ = {
			isa = XCBuildConfiguration;
			buildSettings = {
				ALWAYS_EMBED_SWIFT_STANDARD_LIBRARIES = YES;
				BUNDLE_LOADER = "$(TEST_HOST)";
				CODE_SIGN_STYLE = Automatic;
				CURRENT_PROJECT_VERSION = 1;
				GENERATE_INFOPLIST_FILE = YES;
				IPHONEOS_DEPLOYMENT_TARGET = 15.5;
				MARKETING_VERSION = 1.0;
				PRODUCT_BUNDLE_IDENTIFIER = com.whiteRabbit.WhiteRabbitMachineTestTests;
				PRODUCT_NAME = "$(TARGET_NAME)";
				SWIFT_EMIT_LOC_STRINGS = NO;
				SWIFT_VERSION = 5.0;
				TARGETED_DEVICE_FAMILY = "1,2";
				TEST_HOST = "$(BUILT_PRODUCTS_DIR)/WhiteRabbitMachineTest.app/WhiteRabbitMachineTest";
			};
			name = Release;
		};
		3B902D26285ECC7700AADA91 /* Debug */ = {
			isa = XCBuildConfiguration;
			buildSettings = {
				ALWAYS_EMBED_SWIFT_STANDARD_LIBRARIES = YES;
				CODE_SIGN_STYLE = Automatic;
				CURRENT_PROJECT_VERSION = 1;
				GENERATE_INFOPLIST_FILE = YES;
				MARKETING_VERSION = 1.0;
				PRODUCT_BUNDLE_IDENTIFIER = com.whiteRabbit.WhiteRabbitMachineTestUITests;
				PRODUCT_NAME = "$(TARGET_NAME)";
				SWIFT_EMIT_LOC_STRINGS = NO;
				SWIFT_VERSION = 5.0;
				TARGETED_DEVICE_FAMILY = "1,2";
				TEST_TARGET_NAME = WhiteRabbitMachineTest;
			};
			name = Debug;
		};
		3B902D27285ECC7700AADA91 /* Release */ = {
			isa = XCBuildConfiguration;
			buildSettings = {
				ALWAYS_EMBED_SWIFT_STANDARD_LIBRARIES = YES;
				CODE_SIGN_STYLE = Automatic;
				CURRENT_PROJECT_VERSION = 1;
				GENERATE_INFOPLIST_FILE = YES;
				MARKETING_VERSION = 1.0;
				PRODUCT_BUNDLE_IDENTIFIER = com.whiteRabbit.WhiteRabbitMachineTestUITests;
				PRODUCT_NAME = "$(TARGET_NAME)";
				SWIFT_EMIT_LOC_STRINGS = NO;
				SWIFT_VERSION = 5.0;
				TARGETED_DEVICE_FAMILY = "1,2";
				TEST_TARGET_NAME = WhiteRabbitMachineTest;
			};
			name = Release;
		};
/* End XCBuildConfiguration section */

/* Begin XCConfigurationList section */
		3B902CF0285ECC7500AADA91 /* Build configuration list for PBXProject "WhiteRabbitMachineTest" */ = {
			isa = XCConfigurationList;
			buildConfigurations = (
				3B902D1D285ECC7700AADA91 /* Debug */,
				3B902D1E285ECC7700AADA91 /* Release */,
			);
			defaultConfigurationIsVisible = 0;
			defaultConfigurationName = Release;
		};
		3B902D1F285ECC7700AADA91 /* Build configuration list for PBXNativeTarget "WhiteRabbitMachineTest" */ = {
			isa = XCConfigurationList;
			buildConfigurations = (
				3B902D20285ECC7700AADA91 /* Debug */,
				3B902D21285ECC7700AADA91 /* Release */,
			);
			defaultConfigurationIsVisible = 0;
			defaultConfigurationName = Release;
		};
		3B902D22285ECC7700AADA91 /* Build configuration list for PBXNativeTarget "WhiteRabbitMachineTestTests" */ = {
			isa = XCConfigurationList;
			buildConfigurations = (
				3B902D23285ECC7700AADA91 /* Debug */,
				3B902D24285ECC7700AADA91 /* Release */,
			);
			defaultConfigurationIsVisible = 0;
			defaultConfigurationName = Release;
		};
		3B902D25285ECC7700AADA91 /* Build configuration list for PBXNativeTarget "WhiteRabbitMachineTestUITests" */ = {
			isa = XCConfigurationList;
			buildConfigurations = (
				3B902D26285ECC7700AADA91 /* Debug */,
				3B902D27285ECC7700AADA91 /* Release */,
			);
			defaultConfigurationIsVisible = 0;
			defaultConfigurationName = Release;
		};
/* End XCConfigurationList section */
	};
	rootObject = 3B902CED285ECC7500AADA91 /* Project object */;
}
